
Microsoft Visual Studio Solution File, Format Version 12.00
# Visual Studio 14
VisualStudioVersion = 14.0.25420.1
MinimumVisualStudioVersion = 10.0.40219.1
Project("{FAE04EC0-301F-11D3-BF4B-00C04F79EFBC}") = "Synthetic", "Synthetic\Synthetic.csproj", "{6B011E33-922F-4CA9-A427-90C578BABA2C}"
EndProject
Project("{2150E333-8FDC-42A3-9474-1A3956D46DE8}") = "Solution Items", "Solution Items", "{26164744-4952-4033-BBE6-9502C46142BB}"
	ProjectSection(SolutionItems) = preProject
		Synthetic\Service References\MS.IT.PhoneAuth.PFClient.dll = Synthetic\Service References\MS.IT.PhoneAuth.PFClient.dll
		Synthetic.testsettings = Synthetic.testsettings
	EndProjectSection
EndProject
Project("{FAE04EC0-301F-11D3-BF4B-00C04F79EFBC}") = "TestApp", "TestApp\TestApp.csproj", "{432A6BBB-68C5-4FFB-AACB-76E4AA722FF1}"
EndProject
Project("{FAE04EC0-301F-11D3-BF4B-00C04F79EFBC}") = "TestCommon", "TestCommon\TestCommon.csproj", "{12ABFA3E-A73E-4B74-84AB-10FEBB8A4DD2}"
EndProject
Project("{FAE04EC0-301F-11D3-BF4B-00C04F79EFBC}") = "ServiceTests", "ServiceTests\ServiceTests.csproj", "{DDB042DC-0B37-4F0A-953A-8F1E0DFAC903}"
EndProject
Project("{FAE04EC0-301F-11D3-BF4B-00C04F79EFBC}") = "TestLog", "TestLog\TestLog.csproj", "{8DE541E4-4578-4044-9CCB-75759C5A16C4}"
EndProject
Global
	GlobalSection(SolutionConfigurationPlatforms) = preSolution
		Debug|Any CPU = Debug|Any CPU
		Release|Any CPU = Release|Any CPU
	EndGlobalSection
	GlobalSection(ProjectConfigurationPlatforms) = postSolution
		{6B011E33-922F-4CA9-A427-90C578BABA2C}.Debug|Any CPU.ActiveCfg = Debug|Any CPU
		{6B011E33-922F-4CA9-A427-90C578BABA2C}.Debug|Any CPU.Build.0 = Debug|Any CPU
		{6B011E33-922F-4CA9-A427-90C578BABA2C}.Release|Any CPU.ActiveCfg = Release|Any CPU
		{6B011E33-922F-4CA9-A427-90C578BABA2C}.Release|Any CPU.Build.0 = Release|Any CPU
		{432A6BBB-68C5-4FFB-AACB-76E4AA722FF1}.Debug|Any CPU.ActiveCfg = Debug|Any CPU
		{432A6BBB-68C5-4FFB-AACB-76E4AA722FF1}.Debug|Any CPU.Build.0 = Debug|Any CPU
		{432A6BBB-68C5-4FFB-AACB-76E4AA722FF1}.Release|Any CPU.ActiveCfg = Release|Any CPU
		{432A6BBB-68C5-4FFB-AACB-76E4AA722FF1}.Release|Any CPU.Build.0 = Release|Any CPU
		{12ABFA3E-A73E-4B74-84AB-10FEBB8A4DD2}.Debug|Any CPU.ActiveCfg = Debug|Any CPU
		{12ABFA3E-A73E-4B74-84AB-10FEBB8A4DD2}.Debug|Any CPU.Build.0 = Debug|Any CPU
		{12ABFA3E-A73E-4B74-84AB-10FEBB8A4DD2}.Release|Any CPU.ActiveCfg = Release|Any CPU
		{12ABFA3E-A73E-4B74-84AB-10FEBB8A4DD2}.Release|Any CPU.Build.0 = Release|Any CPU
		{DDB042DC-0B37-4F0A-953A-8F1E0DFAC903}.Debug|Any CPU.ActiveCfg = Debug|Any CPU
		{DDB042DC-0B37-4F0A-953A-8F1E0DFAC903}.Debug|Any CPU.Build.0 = Debug|Any CPU
		{DDB042DC-0B37-4F0A-953A-8F1E0DFAC903}.Release|Any CPU.ActiveCfg = Release|Any CPU
		{DDB042DC-0B37-4F0A-953A-8F1E0DFAC903}.Release|Any CPU.Build.0 = Release|Any CPU
		{8DE541E4-4578-4044-9CCB-75759C5A16C4}.Debug|Any CPU.ActiveCfg = Debug|Any CPU
		{8DE541E4-4578-4044-9CCB-75759C5A16C4}.Debug|Any CPU.Build.0 = Debug|Any CPU
		{8DE541E4-4578-4044-9CCB-75759C5A16C4}.Release|Any CPU.ActiveCfg = Release|Any CPU
		{8DE541E4-4578-4044-9CCB-75759C5A16C4}.Release|Any CPU.Build.0 = Release|Any CPU
	EndGlobalSection
	GlobalSection(SolutionProperties) = preSolution
		HideSolutionNode = FALSE
	EndGlobalSection
EndGlobal
